
Microsoft Visual Studio Solution File, Format Version 12.00
# Visual Studio 15
VisualStudioVersion = 15.0.28010.2026
MinimumVisualStudioVersion = 10.0.40219.1
Project("{FAE04EC0-301F-11D3-BF4B-00C04F79EFBC}") = "vigenere", "vigenere\vigenere.csproj", "{5C0EFCF2-FCA8-4CAE-8946-190D2A98372B}"
EndProject
Global
	GlobalSection(SolutionConfigurationPlatforms) = preSolution
		Debug|Any CPU = Debug|Any CPU
		Release|Any CPU = Release|Any CPU
	EndGlobalSection
	GlobalSection(ProjectConfigurationPlatforms) = postSolution
		{5C0EFCF2-FCA8-4CAE-8946-190D2A98372B}.Debug|Any CPU.ActiveCfg = Debug|Any CPU
		{5C0EFCF2-FCA8-4CAE-8946-190D2A98372B}.Debug|Any CPU.Build.0 = Debug|Any CPU
		{5C0EFCF2-FCA8-4CAE-8946-190D2A98372B}.Release|Any CPU.ActiveCfg = Release|Any CPU
		{5C0EFCF2-FCA8-4CAE-8946-190D2A98372B}.Release|Any CPU.Build.0 = Release|Any CPU
	EndGlobalSection
	GlobalSection(SolutionProperties) = preSolution
		HideSolutionNode = FALSE
	EndGlobalSection
	GlobalSection(ExtensibilityGlobals) = postSolution
		SolutionGuid = {BC314052-3BE0-4C3E-B822-503522BDC7DE}
	EndGlobalSection
EndGlobal
